
Microsoft Visual Studio Solution File, Format Version 12.00
# Visual Studio Version 17
VisualStudioVersion = 17.8.34309.116
MinimumVisualStudioVersion = 10.0.40219.1
Project("{FAE04EC0-301F-11D3-BF4B-00C04F79EFBC}") = "Chapter6_Fundamentals_String", "Chapter6_Fundamentals\Chapter6_Fundamentals_String.csproj", "{42FE8C89-FB88-417E-B8AB-E29175D125ED}"
EndProject
Project("{FAE04EC0-301F-11D3-BF4B-00C04F79EFBC}") = "Date_And_Times", "Date_And_Times\Date_And_Times.csproj", "{14C5297A-8DB8-4FED-9E09-41C030D6EA21}"
EndProject
Project("{FAE04EC0-301F-11D3-BF4B-00C04F79EFBC}") = "Formatting_And_Parsing", "Formatting_And_Parsing\Formatting_And_Parsing.csproj", "{2FBECA03-680B-40B1-BDB7-704CADC5AF2F}"
EndProject
Project("{FAE04EC0-301F-11D3-BF4B-00C04F79EFBC}") = "UtilityClasses", "UtilityClasses\UtilityClasses.csproj", "{A8A10AFC-510B-4006-9E7B-5226A6FCF815}"
EndProject
Project("{FAE04EC0-301F-11D3-BF4B-00C04F79EFBC}") = "Order_Comparison", "Order_Comparison\Order_Comparison.csproj", "{CD4FBABD-7B6E-4D27-9064-008150107F69}"
EndProject
Project("{FAE04EC0-301F-11D3-BF4B-00C04F79EFBC}") = "Globalization", "Globalization\Globalization.csproj", "{4329CD96-D742-4637-9DC5-FEC74FF16042}"
EndProject
Project("{FAE04EC0-301F-11D3-BF4B-00C04F79EFBC}") = "Equality_Comparison", "Equality_Comparison\Equality_Comparison.csproj", "{A4587C73-77DD-4AD2-AF13-6D6F3113B229}"
EndProject
Project("{FAE04EC0-301F-11D3-BF4B-00C04F79EFBC}") = "Grid_Struct", "Grid_Struct\Grid_Struct.csproj", "{6E62911B-3B19-468F-9FCD-0D30A86D6CBB}"
EndProject
Project("{FAE04EC0-301F-11D3-BF4B-00C04F79EFBC}") = "Tuples", "Tuoples\Tuples.csproj", "{E6A8016C-BE38-4C17-80AD-F63B50579D50}"
EndProject
Project("{FAE04EC0-301F-11D3-BF4B-00C04F79EFBC}") = "Enums", "Enums\Enums.csproj", "{9AA782CC-4073-4FA3-8DB5-7E6FA2934CC0}"
EndProject
Project("{FAE04EC0-301F-11D3-BF4B-00C04F79EFBC}") = "Working_With_Numbers", "Working_With_Numbers\Working_With_Numbers.csproj", "{843044DB-A355-4ADE-B7A6-F87D3264D1ED}"
EndProject
Project("{FAE04EC0-301F-11D3-BF4B-00C04F79EFBC}") = "Other_Conversion_Mechanisms", "Other_Conversion_Mechanisms\Other_Conversion_Mechanisms.csproj", "{E8E4FC30-B5B6-4A88-A12C-47D3C94E2828}"
EndProject
Project("{FAE04EC0-301F-11D3-BF4B-00C04F79EFBC}") = "Dates_And_TimeZones", "Dates_And_TimeZones\Dates_And_TimeZones.csproj", "{9908B674-3737-44D7-8DBF-37AD217BE530}"
EndProject
Global
	GlobalSection(SolutionConfigurationPlatforms) = preSolution
		Debug|Any CPU = Debug|Any CPU
		Release|Any CPU = Release|Any CPU
	EndGlobalSection
	GlobalSection(ProjectConfigurationPlatforms) = postSolution
		{42FE8C89-FB88-417E-B8AB-E29175D125ED}.Debug|Any CPU.ActiveCfg = Debug|Any CPU
		{42FE8C89-FB88-417E-B8AB-E29175D125ED}.Debug|Any CPU.Build.0 = Debug|Any CPU
		{42FE8C89-FB88-417E-B8AB-E29175D125ED}.Release|Any CPU.ActiveCfg = Release|Any CPU
		{42FE8C89-FB88-417E-B8AB-E29175D125ED}.Release|Any CPU.Build.0 = Release|Any CPU
		{14C5297A-8DB8-4FED-9E09-41C030D6EA21}.Debug|Any CPU.ActiveCfg = Debug|Any CPU
		{14C5297A-8DB8-4FED-9E09-41C030D6EA21}.Debug|Any CPU.Build.0 = Debug|Any CPU
		{14C5297A-8DB8-4FED-9E09-41C030D6EA21}.Release|Any CPU.ActiveCfg = Release|Any CPU
		{14C5297A-8DB8-4FED-9E09-41C030D6EA21}.Release|Any CPU.Build.0 = Release|Any CPU
		{2FBECA03-680B-40B1-BDB7-704CADC5AF2F}.Debug|Any CPU.ActiveCfg = Debug|Any CPU
		{2FBECA03-680B-40B1-BDB7-704CADC5AF2F}.Debug|Any CPU.Build.0 = Debug|Any CPU
		{2FBECA03-680B-40B1-BDB7-704CADC5AF2F}.Release|Any CPU.ActiveCfg = Release|Any CPU
		{2FBECA03-680B-40B1-BDB7-704CADC5AF2F}.Release|Any CPU.Build.0 = Release|Any CPU
		{A8A10AFC-510B-4006-9E7B-5226A6FCF815}.Debug|Any CPU.ActiveCfg = Debug|Any CPU
		{A8A10AFC-510B-4006-9E7B-5226A6FCF815}.Debug|Any CPU.Build.0 = Debug|Any CPU
		{A8A10AFC-510B-4006-9E7B-5226A6FCF815}.Release|Any CPU.ActiveCfg = Release|Any CPU
		{A8A10AFC-510B-4006-9E7B-5226A6FCF815}.Release|Any CPU.Build.0 = Release|Any CPU
		{CD4FBABD-7B6E-4D27-9064-008150107F69}.Debug|Any CPU.ActiveCfg = Debug|Any CPU
		{CD4FBABD-7B6E-4D27-9064-008150107F69}.Debug|Any CPU.Build.0 = Debug|Any CPU
		{CD4FBABD-7B6E-4D27-9064-008150107F69}.Release|Any CPU.ActiveCfg = Release|Any CPU
		{CD4FBABD-7B6E-4D27-9064-008150107F69}.Release|Any CPU.Build.0 = Release|Any CPU
		{4329CD96-D742-4637-9DC5-FEC74FF16042}.Debug|Any CPU.ActiveCfg = Debug|Any CPU
		{4329CD96-D742-4637-9DC5-FEC74FF16042}.Debug|Any CPU.Build.0 = Debug|Any CPU
		{4329CD96-D742-4637-9DC5-FEC74FF16042}.Release|Any CPU.ActiveCfg = Release|Any CPU
		{4329CD96-D742-4637-9DC5-FEC74FF16042}.Release|Any CPU.Build.0 = Release|Any CPU
		{A4587C73-77DD-4AD2-AF13-6D6F3113B229}.Debug|Any CPU.ActiveCfg = Debug|Any CPU
		{A4587C73-77DD-4AD2-AF13-6D6F3113B229}.Debug|Any CPU.Build.0 = Debug|Any CPU
		{A4587C73-77DD-4AD2-AF13-6D6F3113B229}.Release|Any CPU.ActiveCfg = Release|Any CPU
		{A4587C73-77DD-4AD2-AF13-6D6F3113B229}.Release|Any CPU.Build.0 = Release|Any CPU
		{6E62911B-3B19-468F-9FCD-0D30A86D6CBB}.Debug|Any CPU.ActiveCfg = Debug|Any CPU
		{6E62911B-3B19-468F-9FCD-0D30A86D6CBB}.Debug|Any CPU.Build.0 = Debug|Any CPU
		{6E62911B-3B19-468F-9FCD-0D30A86D6CBB}.Release|Any CPU.ActiveCfg = Release|Any CPU
		{6E62911B-3B19-468F-9FCD-0D30A86D6CBB}.Release|Any CPU.Build.0 = Release|Any CPU
		{E6A8016C-BE38-4C17-80AD-F63B50579D50}.Debug|Any CPU.ActiveCfg = Debug|Any CPU
		{E6A8016C-BE38-4C17-80AD-F63B50579D50}.Debug|Any CPU.Build.0 = Debug|Any CPU
		{E6A8016C-BE38-4C17-80AD-F63B50579D50}.Release|Any CPU.ActiveCfg = Release|Any CPU
		{E6A8016C-BE38-4C17-80AD-F63B50579D50}.Release|Any CPU.Build.0 = Release|Any CPU
		{9AA782CC-4073-4FA3-8DB5-7E6FA2934CC0}.Debug|Any CPU.ActiveCfg = Debug|Any CPU
		{9AA782CC-4073-4FA3-8DB5-7E6FA2934CC0}.Debug|Any CPU.Build.0 = Debug|Any CPU
		{9AA782CC-4073-4FA3-8DB5-7E6FA2934CC0}.Release|Any CPU.ActiveCfg = Release|Any CPU
		{9AA782CC-4073-4FA3-8DB5-7E6FA2934CC0}.Release|Any CPU.Build.0 = Release|Any CPU
		{843044DB-A355-4ADE-B7A6-F87D3264D1ED}.Debug|Any CPU.ActiveCfg = Debug|Any CPU
		{843044DB-A355-4ADE-B7A6-F87D3264D1ED}.Debug|Any CPU.Build.0 = Debug|Any CPU
		{843044DB-A355-4ADE-B7A6-F87D3264D1ED}.Release|Any CPU.ActiveCfg = Release|Any CPU
		{843044DB-A355-4ADE-B7A6-F87D3264D1ED}.Release|Any CPU.Build.0 = Release|Any CPU
		{E8E4FC30-B5B6-4A88-A12C-47D3C94E2828}.Debug|Any CPU.ActiveCfg = Debug|Any CPU
		{E8E4FC30-B5B6-4A88-A12C-47D3C94E2828}.Debug|Any CPU.Build.0 = Debug|Any CPU
		{E8E4FC30-B5B6-4A88-A12C-47D3C94E2828}.Release|Any CPU.ActiveCfg = Release|Any CPU
		{E8E4FC30-B5B6-4A88-A12C-47D3C94E2828}.Release|Any CPU.Build.0 = Release|Any CPU
		{9908B674-3737-44D7-8DBF-37AD217BE530}.Debug|Any CPU.ActiveCfg = Debug|Any CPU
		{9908B674-3737-44D7-8DBF-37AD217BE530}.Debug|Any CPU.Build.0 = Debug|Any CPU
		{9908B674-3737-44D7-8DBF-37AD217BE530}.Release|Any CPU.ActiveCfg = Release|Any CPU
		{9908B674-3737-44D7-8DBF-37AD217BE530}.Release|Any CPU.Build.0 = Release|Any CPU
	EndGlobalSection
	GlobalSection(SolutionProperties) = preSolution
		HideSolutionNode = FALSE
	EndGlobalSection
	GlobalSection(ExtensibilityGlobals) = postSolution
		SolutionGuid = {3A396C36-D35E-42EE-B374-F20128810C4F}
	EndGlobalSection
EndGlobal
