
Microsoft Visual Studio Solution File, Format Version 12.00
# Visual Studio Version 17
VisualStudioVersion = 17.8.34309.116
MinimumVisualStudioVersion = 10.0.40219.1
Project("{2150E333-8FDC-42A3-9474-1A3956D46DE8}") = "DSA", "DSA", "{C4A0A698-0E2E-4F06-B826-C7EF3F90CC48}"
EndProject
Project("{2150E333-8FDC-42A3-9474-1A3956D46DE8}") = "Nutshell_Practices", "Nutshell_Practices", "{D58F1AA0-C3DE-4997-BDC2-193EEE3F7CE1}"
EndProject
Project("{2150E333-8FDC-42A3-9474-1A3956D46DE8}") = "Chapter2", "Chapter2", "{464094AE-B92D-49D6-AAC3-74234DBB1C67}"
EndProject
Project("{2150E333-8FDC-42A3-9474-1A3956D46DE8}") = "Chapter3", "Chapter3", "{3671DB8F-42AE-40A2-B807-CBEF20181673}"
EndProject
Project("{9A19103F-16F7-4668-BE54-9A1E7A4F7556}") = "Readonly_Field", "Nutshell_Practices\Chapter3\Readonly_Field\Readonly_Field.csproj", "{81CE915D-7238-4507-8BDC-CBF6E1EFDB43}"
EndProject
Project("{9A19103F-16F7-4668-BE54-9A1E7A4F7556}") = "Primary_Constructors", "Nutshell_Practices\Chapter3\Primary_Constructors\Primary_Constructors.csproj", "{9A9D3CC5-4931-48FF-929F-9883FD71A48E}"
EndProject
Project("{9A19103F-16F7-4668-BE54-9A1E7A4F7556}") = "CommonLibrary", "Nutshell_Practices\Chapter3\CommonLibrary\CommonLibrary.csproj", "{8F911854-DD28-45C4-A2CE-DFF2ABCD83C9}"
EndProject
Project("{9A19103F-16F7-4668-BE54-9A1E7A4F7556}") = "Field", "Nutshell_Practices\Chapter3\Field\Field.csproj", "{CFACE0A3-1159-49F5-B5E7-881C81FF6B6C}"
EndProject
Project("{9A19103F-16F7-4668-BE54-9A1E7A4F7556}") = "Constants", "Nutshell_Practices\Chapter3\Constants\Constants.csproj", "{D3307DBA-40E6-48D5-8BA8-C63547425626}"
EndProject
Project("{9A19103F-16F7-4668-BE54-9A1E7A4F7556}") = "Stack", "DSA\Stack\Stack.csproj", "{F28F7A52-DA62-41E7-95C8-105232AB2A72}"
EndProject
Project("{9A19103F-16F7-4668-BE54-9A1E7A4F7556}") = "Inheritance", "Nutshell_Practices\Chapter3\Inheritance\Inheritance.csproj", "{46C17AA3-98E5-4209-A081-4E4121268FAA}"
EndProject
Project("{9A19103F-16F7-4668-BE54-9A1E7A4F7556}") = "PolyMorphism", "Nutshell_Practices\Chapter3\PolyMorphism\PolyMorphism.csproj", "{CF5E38DA-3246-4813-A4A2-50B73B578AED}"
EndProject
Project("{9A19103F-16F7-4668-BE54-9A1E7A4F7556}") = "Casting_UpCasting", "Nutshell_Practices\Chapter3\Casting_UpCasting\Casting_UpCasting.csproj", "{2A8EC39D-8714-462D-A602-43E2A8AC7E6A}"
EndProject
Project("{9A19103F-16F7-4668-BE54-9A1E7A4F7556}") = "Casting_DownCasting", "Nutshell_Practices\Chapter3\Casting_DownCasting\Casting_DownCasting.csproj", "{3168B7ED-C672-484A-8F42-C986BE3E7FC1}"
EndProject
Project("{9A19103F-16F7-4668-BE54-9A1E7A4F7556}") = "Null_Operators", "Nutshell_Practices\Chapter2\Null_Operators\Null_Operators.csproj", "{8E5E8E3D-D8B4-4109-BFB1-3B53FEEE9F5D}"
EndProject
Project("{9A19103F-16F7-4668-BE54-9A1E7A4F7556}") = "Arrays", "Nutshell_Practices\Chapter2\Arrays\Arrays.csproj", "{3E908284-E8B3-48BF-80FB-E92D4FDFE64A}"
EndProject
Project("{9A19103F-16F7-4668-BE54-9A1E7A4F7556}") = "BooleanOperators", "Nutshell_Practices\Chapter2\BooleanOperators\BooleanOperators.csproj", "{ACA3FFDB-ED46-4D62-AAAD-746F8177467A}"
EndProject
Project("{9A19103F-16F7-4668-BE54-9A1E7A4F7556}") = "Ref_Modifier", "Nutshell_Practices\Chapter2\RefParameter\Ref_Modifier.csproj", "{BB27C5A4-9B4F-4156-A12F-379CF21961BF}"
EndProject
Project("{9A19103F-16F7-4668-BE54-9A1E7A4F7556}") = "Out_Modifier", "Nutshell_Practices\Chapter2\Out_Modifier\Out_Modifier.csproj", "{38FC67D1-F7F8-4BE1-9D80-B9D930C6CE60}"
EndProject
Project("{9A19103F-16F7-4668-BE54-9A1E7A4F7556}") = "In_Modifier", "Nutshell_Practices\Chapter2\In_Modifier\In_Modifier.csproj", "{BD5C6910-4689-44D8-A4EE-D8A96F581735}"
EndProject
Project("{9A19103F-16F7-4668-BE54-9A1E7A4F7556}") = "Selection", "DSA\Selection\Selection.csproj", "{F6906E25-31F1-4DBE-BC98-2A5BFD3724D9}"
EndProject
Project("{9A19103F-16F7-4668-BE54-9A1E7A4F7556}") = "Overload", "Nutshell_Practices\Chapter3\Overload\Overload.csproj", "{96C9B8EA-D277-4408-9321-DACC37F3FFD2}"
EndProject
Project("{9A19103F-16F7-4668-BE54-9A1E7A4F7556}") = "IllegalOverload", "Nutshell_Practices\Chapter3\IllegalOverload\IllegalOverload.csproj", "{90995601-646C-4AAB-91A8-632D6ED61B70}"
EndProject
Project("{9A19103F-16F7-4668-BE54-9A1E7A4F7556}") = "Virtual", "Nutshell_Practices\Chapter3\Virtual\Virtual.csproj", "{AEB4099B-FB9C-4925-9AF4-4EFCD4DA8BF4}"
EndProject
Project("{2150E333-8FDC-42A3-9474-1A3956D46DE8}") = "Chapter7", "Chapter7", "{6E71DADF-6579-4A5E-BF43-5DBE64E70257}"
EndProject
Project("{2150E333-8FDC-42A3-9474-1A3956D46DE8}") = "Wrox_Practices", "Wrox_Practices", "{52CA61F1-D665-47BB-9F5C-B0EBD8252CBE}"
EndProject
Project("{2150E333-8FDC-42A3-9474-1A3956D46DE8}") = "C#_Versions", "C#_Versions", "{5AA8E341-D53A-4287-B3E2-1A3522977D11}"
EndProject
Project("{2150E333-8FDC-42A3-9474-1A3956D46DE8}") = "C#12", "C#12", "{1E880C01-EE3D-4103-9794-2AC45A19FFED}"
EndProject
Project("{9A19103F-16F7-4668-BE54-9A1E7A4F7556}") = "Collection_Expressions", "C#_Versions\C#12\Collection_Expressions\Collection_Expressions.csproj", "{9D06918F-C803-4996-8EC3-489AD43F9130}"
EndProject
Project("{9A19103F-16F7-4668-BE54-9A1E7A4F7556}") = "Stack", "Nutshell_Practices\Chapter2\Stack\Stack.csproj", "{0C729B02-D05C-4A71-B03C-D4CA57CC7463}"
EndProject
Project("{9A19103F-16F7-4668-BE54-9A1E7A4F7556}") = "Parse_TryParse", "Nutshell_Practices\Chapter2\Parse_TryParse\Parse_TryParse.csproj", "{A9586EDF-9DF7-4415-9F0D-49555E5205AF}"
EndProject
Project("{2150E333-8FDC-42A3-9474-1A3956D46DE8}") = "Chapter5", "Chapter5", "{269CBA6C-DB31-4232-BE1C-7157F08FD52C}"
EndProject
Project("{9A19103F-16F7-4668-BE54-9A1E7A4F7556}") = "Conversion", "Wrox_Practices\Chapter5\Conversion\Conversion.csproj", "{C3F3BEC9-5B44-4BCA-8C96-83CF64B704D1}"
EndProject
Project("{9A19103F-16F7-4668-BE54-9A1E7A4F7556}") = "Convert", "Wrox_Practices\Chapter5\Convert\Convert.csproj", "{E650EC71-A885-42A4-8248-57FDDAFC7CDA}"
EndProject
Project("{9A19103F-16F7-4668-BE54-9A1E7A4F7556}") = "StringManipulation", "Wrox_Practices\Chapter5\StringManipulation\StringManipulation.csproj", "{827CA0ED-6309-4F80-B9C6-BCECFB4BF17F}"
EndProject
Project("{2150E333-8FDC-42A3-9474-1A3956D46DE8}") = "C#_Practices", "C#_Practices", "{8BCE9E96-48FA-4FA3-A478-D5B0EDEE54FC}"
	ProjectSection(SolutionItems) = preProject
		README.md = README.md
	EndProjectSection
EndProject
Project("{9A19103F-16F7-4668-BE54-9A1E7A4F7556}") = "ImplicitCasting", "C#_Practices\ImplicitCasting\ImplicitCasting.csproj", "{A09708A1-0964-4507-BD38-6603244EBFD0}"
EndProject
Project("{9A19103F-16F7-4668-BE54-9A1E7A4F7556}") = "TryParse", "C#_Practices\TryParse\TryParse.csproj", "{B1048797-5EDB-4D51-959D-10DE57530977}"
EndProject
Project("{9A19103F-16F7-4668-BE54-9A1E7A4F7556}") = "Parse", "C#_Practices\Parse\Parse.csproj", "{7F3EAAB2-5FBB-4581-A75F-126A0CF054CC}"
EndProject
Project("{9A19103F-16F7-4668-BE54-9A1E7A4F7556}") = "ConversionMethod", "C#_Practices\ConversionMethod\ConversionMethod.csproj", "{E5C86427-23AD-4C71-A300-33E94B6DAEC7}"
EndProject
Project("{9A19103F-16F7-4668-BE54-9A1E7A4F7556}") = "InstanceConstructors", "C#_Practices\InstanceConstructors\InstanceConstructors.csproj", "{0F8834DD-E038-4EE8-87E3-FA3D6842FE8B}"
EndProject
Project("{9A19103F-16F7-4668-BE54-9A1E7A4F7556}") = "ExplicitCasting", "C#_Practices\ExplicitCasting\ExplicitCasting.csproj", "{BDD4CCE8-E55B-4BC6-98B6-7693A668B797}"
EndProject
Project("{9A19103F-16F7-4668-BE54-9A1E7A4F7556}") = "Delegate", "C#_Practices\Delegate\Delegate.csproj", "{877DAEE6-B12C-43C6-8779-318D6A053F41}"
EndProject
Project("{9A19103F-16F7-4668-BE54-9A1E7A4F7556}") = "DelegatePart2", "C#_Practices\DelegatePart2\DelegatePart2.csproj", "{BC27FB02-1E8A-47C4-BDCE-5D54F86F37E1}"
EndProject
Project("{9A19103F-16F7-4668-BE54-9A1E7A4F7556}") = "DelegatePart3", "C#_Practices\DelegatePart3\DelegatePart3.csproj", "{EB0090C1-B6BA-4E41-91BF-C7B2F24B916A}"
EndProject
Project("{9A19103F-16F7-4668-BE54-9A1E7A4F7556}") = "DelegatePart4", "C#_Practices\DelegatePart4\DelegatePart4.csproj", "{19339031-ECCC-421F-B257-B8F716838207}"
EndProject
Project("{9A19103F-16F7-4668-BE54-9A1E7A4F7556}") = "ImmutableObjects", "C#_Practices\ImmutableObjects\ImmutableObjects.csproj", "{FD3045B5-C69B-4CFD-A1C3-CB8A6BC99E49}"
EndProject
Project("{9A19103F-16F7-4668-BE54-9A1E7A4F7556}") = "InitOnly_Record_ImmutableObj", "C#_Practices\InitOnly_Record_ImmutableObj\InitOnly_Record_ImmutableObj.csproj", "{1741C573-CEBA-49E0-BB5B-350A1DD98F75}"
EndProject
Project("{9A19103F-16F7-4668-BE54-9A1E7A4F7556}") = "Record", "C#_Practices\Record\Record.csproj", "{DB6E554D-6E3C-493D-99BE-20E4583C3545}"
EndProject
Project("{9A19103F-16F7-4668-BE54-9A1E7A4F7556}") = "Stack_Heap", "C#_Practices\Stack_Heap\Stack_Heap.csproj", "{4A56BE0A-5765-40D4-8A65-B2B93D361829}"
EndProject
Project("{9A19103F-16F7-4668-BE54-9A1E7A4F7556}") = "StaticMemoryAllocation", "C#_Practices\StaticMemoryAllocation\StaticMemoryAllocation.csproj", "{EDED2868-6917-4B02-AD75-109C469503BE}"
EndProject
Project("{9A19103F-16F7-4668-BE54-9A1E7A4F7556}") = "CallByReferneceVSCallByValue", "C#_Practices\CallByReferneceVSCallByValue\CallByReferneceVSCallByValue.csproj", "{D9CED970-AA90-4E67-AF5A-035BE703024B}"
EndProject
Project("{9A19103F-16F7-4668-BE54-9A1E7A4F7556}") = "InRefOut", "C#_Practices\InRefOut\InRefOut.csproj", "{381B789C-497F-47B4-9ACD-8B7E6AD20EB8}"
EndProject
Project("{9A19103F-16F7-4668-BE54-9A1E7A4F7556}") = "BoxingAndUnboxing", "C#_Practices\BoxingAndUnboxing\BoxingAndUnboxing.csproj", "{B41BBBA9-78B1-4157-A3B8-4A1911BEE576}"
EndProject
Project("{9A19103F-16F7-4668-BE54-9A1E7A4F7556}") = "String", "C#_Practices\String\String.csproj", "{D55A316B-C51F-46C7-8D32-D64DAF929FE2}"
EndProject
Project("{9A19103F-16F7-4668-BE54-9A1E7A4F7556}") = "Collections", "C#_Practices\Collections\Collections.csproj", "{3487A558-3FD5-41E5-86C1-0BE166247867}"
EndProject
Project("{9A19103F-16F7-4668-BE54-9A1E7A4F7556}") = "GC", "C#_Practices\GC\GC.csproj", "{3A0CDCE8-A243-49B3-9812-ACD3AE6A79A2}"
EndProject
Project("{9A19103F-16F7-4668-BE54-9A1E7A4F7556}") = "Test", "C#_Practices\Test\Test.csproj", "{C1F6C173-B035-4E42-98A1-901B5D30023F}"
EndProject
Global
	GlobalSection(SolutionConfigurationPlatforms) = preSolution
		Debug|Any CPU = Debug|Any CPU
		Release|Any CPU = Release|Any CPU
	EndGlobalSection
	GlobalSection(ProjectConfigurationPlatforms) = postSolution
		{81CE915D-7238-4507-8BDC-CBF6E1EFDB43}.Debug|Any CPU.ActiveCfg = Debug|Any CPU
		{81CE915D-7238-4507-8BDC-CBF6E1EFDB43}.Debug|Any CPU.Build.0 = Debug|Any CPU
		{81CE915D-7238-4507-8BDC-CBF6E1EFDB43}.Release|Any CPU.ActiveCfg = Release|Any CPU
		{81CE915D-7238-4507-8BDC-CBF6E1EFDB43}.Release|Any CPU.Build.0 = Release|Any CPU
		{9A9D3CC5-4931-48FF-929F-9883FD71A48E}.Debug|Any CPU.ActiveCfg = Debug|Any CPU
		{9A9D3CC5-4931-48FF-929F-9883FD71A48E}.Debug|Any CPU.Build.0 = Debug|Any CPU
		{9A9D3CC5-4931-48FF-929F-9883FD71A48E}.Release|Any CPU.ActiveCfg = Release|Any CPU
		{9A9D3CC5-4931-48FF-929F-9883FD71A48E}.Release|Any CPU.Build.0 = Release|Any CPU
		{8F911854-DD28-45C4-A2CE-DFF2ABCD83C9}.Debug|Any CPU.ActiveCfg = Debug|Any CPU
		{8F911854-DD28-45C4-A2CE-DFF2ABCD83C9}.Debug|Any CPU.Build.0 = Debug|Any CPU
		{8F911854-DD28-45C4-A2CE-DFF2ABCD83C9}.Release|Any CPU.ActiveCfg = Release|Any CPU
		{8F911854-DD28-45C4-A2CE-DFF2ABCD83C9}.Release|Any CPU.Build.0 = Release|Any CPU
		{CFACE0A3-1159-49F5-B5E7-881C81FF6B6C}.Debug|Any CPU.ActiveCfg = Debug|Any CPU
		{CFACE0A3-1159-49F5-B5E7-881C81FF6B6C}.Debug|Any CPU.Build.0 = Debug|Any CPU
		{CFACE0A3-1159-49F5-B5E7-881C81FF6B6C}.Release|Any CPU.ActiveCfg = Release|Any CPU
		{CFACE0A3-1159-49F5-B5E7-881C81FF6B6C}.Release|Any CPU.Build.0 = Release|Any CPU
		{D3307DBA-40E6-48D5-8BA8-C63547425626}.Debug|Any CPU.ActiveCfg = Debug|Any CPU
		{D3307DBA-40E6-48D5-8BA8-C63547425626}.Debug|Any CPU.Build.0 = Debug|Any CPU
		{D3307DBA-40E6-48D5-8BA8-C63547425626}.Release|Any CPU.ActiveCfg = Release|Any CPU
		{D3307DBA-40E6-48D5-8BA8-C63547425626}.Release|Any CPU.Build.0 = Release|Any CPU
		{F28F7A52-DA62-41E7-95C8-105232AB2A72}.Debug|Any CPU.ActiveCfg = Debug|Any CPU
		{F28F7A52-DA62-41E7-95C8-105232AB2A72}.Debug|Any CPU.Build.0 = Debug|Any CPU
		{F28F7A52-DA62-41E7-95C8-105232AB2A72}.Release|Any CPU.ActiveCfg = Release|Any CPU
		{F28F7A52-DA62-41E7-95C8-105232AB2A72}.Release|Any CPU.Build.0 = Release|Any CPU
		{46C17AA3-98E5-4209-A081-4E4121268FAA}.Debug|Any CPU.ActiveCfg = Debug|Any CPU
		{46C17AA3-98E5-4209-A081-4E4121268FAA}.Debug|Any CPU.Build.0 = Debug|Any CPU
		{46C17AA3-98E5-4209-A081-4E4121268FAA}.Release|Any CPU.ActiveCfg = Release|Any CPU
		{46C17AA3-98E5-4209-A081-4E4121268FAA}.Release|Any CPU.Build.0 = Release|Any CPU
		{CF5E38DA-3246-4813-A4A2-50B73B578AED}.Debug|Any CPU.ActiveCfg = Debug|Any CPU
		{CF5E38DA-3246-4813-A4A2-50B73B578AED}.Debug|Any CPU.Build.0 = Debug|Any CPU
		{CF5E38DA-3246-4813-A4A2-50B73B578AED}.Release|Any CPU.ActiveCfg = Release|Any CPU
		{CF5E38DA-3246-4813-A4A2-50B73B578AED}.Release|Any CPU.Build.0 = Release|Any CPU
		{2A8EC39D-8714-462D-A602-43E2A8AC7E6A}.Debug|Any CPU.ActiveCfg = Debug|Any CPU
		{2A8EC39D-8714-462D-A602-43E2A8AC7E6A}.Debug|Any CPU.Build.0 = Debug|Any CPU
		{2A8EC39D-8714-462D-A602-43E2A8AC7E6A}.Release|Any CPU.ActiveCfg = Release|Any CPU
		{2A8EC39D-8714-462D-A602-43E2A8AC7E6A}.Release|Any CPU.Build.0 = Release|Any CPU
		{3168B7ED-C672-484A-8F42-C986BE3E7FC1}.Debug|Any CPU.ActiveCfg = Debug|Any CPU
		{3168B7ED-C672-484A-8F42-C986BE3E7FC1}.Debug|Any CPU.Build.0 = Debug|Any CPU
		{3168B7ED-C672-484A-8F42-C986BE3E7FC1}.Release|Any CPU.ActiveCfg = Release|Any CPU
		{3168B7ED-C672-484A-8F42-C986BE3E7FC1}.Release|Any CPU.Build.0 = Release|Any CPU
		{8E5E8E3D-D8B4-4109-BFB1-3B53FEEE9F5D}.Debug|Any CPU.ActiveCfg = Debug|Any CPU
		{8E5E8E3D-D8B4-4109-BFB1-3B53FEEE9F5D}.Debug|Any CPU.Build.0 = Debug|Any CPU
		{8E5E8E3D-D8B4-4109-BFB1-3B53FEEE9F5D}.Release|Any CPU.ActiveCfg = Release|Any CPU
		{8E5E8E3D-D8B4-4109-BFB1-3B53FEEE9F5D}.Release|Any CPU.Build.0 = Release|Any CPU
		{3E908284-E8B3-48BF-80FB-E92D4FDFE64A}.Debug|Any CPU.ActiveCfg = Debug|Any CPU
		{3E908284-E8B3-48BF-80FB-E92D4FDFE64A}.Debug|Any CPU.Build.0 = Debug|Any CPU
		{3E908284-E8B3-48BF-80FB-E92D4FDFE64A}.Release|Any CPU.ActiveCfg = Release|Any CPU
		{3E908284-E8B3-48BF-80FB-E92D4FDFE64A}.Release|Any CPU.Build.0 = Release|Any CPU
		{ACA3FFDB-ED46-4D62-AAAD-746F8177467A}.Debug|Any CPU.ActiveCfg = Debug|Any CPU
		{ACA3FFDB-ED46-4D62-AAAD-746F8177467A}.Debug|Any CPU.Build.0 = Debug|Any CPU
		{ACA3FFDB-ED46-4D62-AAAD-746F8177467A}.Release|Any CPU.ActiveCfg = Release|Any CPU
		{ACA3FFDB-ED46-4D62-AAAD-746F8177467A}.Release|Any CPU.Build.0 = Release|Any CPU
		{BB27C5A4-9B4F-4156-A12F-379CF21961BF}.Debug|Any CPU.ActiveCfg = Debug|Any CPU
		{BB27C5A4-9B4F-4156-A12F-379CF21961BF}.Debug|Any CPU.Build.0 = Debug|Any CPU
		{BB27C5A4-9B4F-4156-A12F-379CF21961BF}.Release|Any CPU.ActiveCfg = Release|Any CPU
		{BB27C5A4-9B4F-4156-A12F-379CF21961BF}.Release|Any CPU.Build.0 = Release|Any CPU
		{38FC67D1-F7F8-4BE1-9D80-B9D930C6CE60}.Debug|Any CPU.ActiveCfg = Debug|Any CPU
		{38FC67D1-F7F8-4BE1-9D80-B9D930C6CE60}.Debug|Any CPU.Build.0 = Debug|Any CPU
		{38FC67D1-F7F8-4BE1-9D80-B9D930C6CE60}.Release|Any CPU.ActiveCfg = Release|Any CPU
		{38FC67D1-F7F8-4BE1-9D80-B9D930C6CE60}.Release|Any CPU.Build.0 = Release|Any CPU
		{BD5C6910-4689-44D8-A4EE-D8A96F581735}.Debug|Any CPU.ActiveCfg = Debug|Any CPU
		{BD5C6910-4689-44D8-A4EE-D8A96F581735}.Debug|Any CPU.Build.0 = Debug|Any CPU
		{BD5C6910-4689-44D8-A4EE-D8A96F581735}.Release|Any CPU.ActiveCfg = Release|Any CPU
		{BD5C6910-4689-44D8-A4EE-D8A96F581735}.Release|Any CPU.Build.0 = Release|Any CPU
		{F6906E25-31F1-4DBE-BC98-2A5BFD3724D9}.Debug|Any CPU.ActiveCfg = Debug|Any CPU
		{F6906E25-31F1-4DBE-BC98-2A5BFD3724D9}.Debug|Any CPU.Build.0 = Debug|Any CPU
		{F6906E25-31F1-4DBE-BC98-2A5BFD3724D9}.Release|Any CPU.ActiveCfg = Release|Any CPU
		{F6906E25-31F1-4DBE-BC98-2A5BFD3724D9}.Release|Any CPU.Build.0 = Release|Any CPU
		{96C9B8EA-D277-4408-9321-DACC37F3FFD2}.Debug|Any CPU.ActiveCfg = Debug|Any CPU
		{96C9B8EA-D277-4408-9321-DACC37F3FFD2}.Debug|Any CPU.Build.0 = Debug|Any CPU
		{96C9B8EA-D277-4408-9321-DACC37F3FFD2}.Release|Any CPU.ActiveCfg = Release|Any CPU
		{96C9B8EA-D277-4408-9321-DACC37F3FFD2}.Release|Any CPU.Build.0 = Release|Any CPU
		{90995601-646C-4AAB-91A8-632D6ED61B70}.Debug|Any CPU.ActiveCfg = Debug|Any CPU
		{90995601-646C-4AAB-91A8-632D6ED61B70}.Debug|Any CPU.Build.0 = Debug|Any CPU
		{90995601-646C-4AAB-91A8-632D6ED61B70}.Release|Any CPU.ActiveCfg = Release|Any CPU
		{90995601-646C-4AAB-91A8-632D6ED61B70}.Release|Any CPU.Build.0 = Release|Any CPU
		{AEB4099B-FB9C-4925-9AF4-4EFCD4DA8BF4}.Debug|Any CPU.ActiveCfg = Debug|Any CPU
		{AEB4099B-FB9C-4925-9AF4-4EFCD4DA8BF4}.Debug|Any CPU.Build.0 = Debug|Any CPU
		{AEB4099B-FB9C-4925-9AF4-4EFCD4DA8BF4}.Release|Any CPU.ActiveCfg = Release|Any CPU
		{AEB4099B-FB9C-4925-9AF4-4EFCD4DA8BF4}.Release|Any CPU.Build.0 = Release|Any CPU
		{9D06918F-C803-4996-8EC3-489AD43F9130}.Debug|Any CPU.ActiveCfg = Debug|Any CPU
		{9D06918F-C803-4996-8EC3-489AD43F9130}.Debug|Any CPU.Build.0 = Debug|Any CPU
		{9D06918F-C803-4996-8EC3-489AD43F9130}.Release|Any CPU.ActiveCfg = Release|Any CPU
		{9D06918F-C803-4996-8EC3-489AD43F9130}.Release|Any CPU.Build.0 = Release|Any CPU
		{0C729B02-D05C-4A71-B03C-D4CA57CC7463}.Debug|Any CPU.ActiveCfg = Debug|Any CPU
		{0C729B02-D05C-4A71-B03C-D4CA57CC7463}.Debug|Any CPU.Build.0 = Debug|Any CPU
		{0C729B02-D05C-4A71-B03C-D4CA57CC7463}.Release|Any CPU.ActiveCfg = Release|Any CPU
		{0C729B02-D05C-4A71-B03C-D4CA57CC7463}.Release|Any CPU.Build.0 = Release|Any CPU
		{A9586EDF-9DF7-4415-9F0D-49555E5205AF}.Debug|Any CPU.ActiveCfg = Debug|Any CPU
		{A9586EDF-9DF7-4415-9F0D-49555E5205AF}.Debug|Any CPU.Build.0 = Debug|Any CPU
		{A9586EDF-9DF7-4415-9F0D-49555E5205AF}.Release|Any CPU.ActiveCfg = Release|Any CPU
		{A9586EDF-9DF7-4415-9F0D-49555E5205AF}.Release|Any CPU.Build.0 = Release|Any CPU
		{C3F3BEC9-5B44-4BCA-8C96-83CF64B704D1}.Debug|Any CPU.ActiveCfg = Debug|Any CPU
		{C3F3BEC9-5B44-4BCA-8C96-83CF64B704D1}.Debug|Any CPU.Build.0 = Debug|Any CPU
		{C3F3BEC9-5B44-4BCA-8C96-83CF64B704D1}.Release|Any CPU.ActiveCfg = Release|Any CPU
		{C3F3BEC9-5B44-4BCA-8C96-83CF64B704D1}.Release|Any CPU.Build.0 = Release|Any CPU
		{E650EC71-A885-42A4-8248-57FDDAFC7CDA}.Debug|Any CPU.ActiveCfg = Debug|Any CPU
		{E650EC71-A885-42A4-8248-57FDDAFC7CDA}.Debug|Any CPU.Build.0 = Debug|Any CPU
		{E650EC71-A885-42A4-8248-57FDDAFC7CDA}.Release|Any CPU.ActiveCfg = Release|Any CPU
		{E650EC71-A885-42A4-8248-57FDDAFC7CDA}.Release|Any CPU.Build.0 = Release|Any CPU
		{827CA0ED-6309-4F80-B9C6-BCECFB4BF17F}.Debug|Any CPU.ActiveCfg = Debug|Any CPU
		{827CA0ED-6309-4F80-B9C6-BCECFB4BF17F}.Debug|Any CPU.Build.0 = Debug|Any CPU
		{827CA0ED-6309-4F80-B9C6-BCECFB4BF17F}.Release|Any CPU.ActiveCfg = Release|Any CPU
		{827CA0ED-6309-4F80-B9C6-BCECFB4BF17F}.Release|Any CPU.Build.0 = Release|Any CPU
		{A09708A1-0964-4507-BD38-6603244EBFD0}.Debug|Any CPU.ActiveCfg = Debug|Any CPU
		{A09708A1-0964-4507-BD38-6603244EBFD0}.Debug|Any CPU.Build.0 = Debug|Any CPU
		{A09708A1-0964-4507-BD38-6603244EBFD0}.Release|Any CPU.ActiveCfg = Release|Any CPU
		{A09708A1-0964-4507-BD38-6603244EBFD0}.Release|Any CPU.Build.0 = Release|Any CPU
		{B1048797-5EDB-4D51-959D-10DE57530977}.Debug|Any CPU.ActiveCfg = Debug|Any CPU
		{B1048797-5EDB-4D51-959D-10DE57530977}.Debug|Any CPU.Build.0 = Debug|Any CPU
		{B1048797-5EDB-4D51-959D-10DE57530977}.Release|Any CPU.ActiveCfg = Release|Any CPU
		{B1048797-5EDB-4D51-959D-10DE57530977}.Release|Any CPU.Build.0 = Release|Any CPU
		{7F3EAAB2-5FBB-4581-A75F-126A0CF054CC}.Debug|Any CPU.ActiveCfg = Debug|Any CPU
		{7F3EAAB2-5FBB-4581-A75F-126A0CF054CC}.Debug|Any CPU.Build.0 = Debug|Any CPU
		{7F3EAAB2-5FBB-4581-A75F-126A0CF054CC}.Release|Any CPU.ActiveCfg = Release|Any CPU
		{7F3EAAB2-5FBB-4581-A75F-126A0CF054CC}.Release|Any CPU.Build.0 = Release|Any CPU
		{E5C86427-23AD-4C71-A300-33E94B6DAEC7}.Debug|Any CPU.ActiveCfg = Debug|Any CPU
		{E5C86427-23AD-4C71-A300-33E94B6DAEC7}.Debug|Any CPU.Build.0 = Debug|Any CPU
		{E5C86427-23AD-4C71-A300-33E94B6DAEC7}.Release|Any CPU.ActiveCfg = Release|Any CPU
		{E5C86427-23AD-4C71-A300-33E94B6DAEC7}.Release|Any CPU.Build.0 = Release|Any CPU
		{0F8834DD-E038-4EE8-87E3-FA3D6842FE8B}.Debug|Any CPU.ActiveCfg = Debug|Any CPU
		{0F8834DD-E038-4EE8-87E3-FA3D6842FE8B}.Debug|Any CPU.Build.0 = Debug|Any CPU
		{0F8834DD-E038-4EE8-87E3-FA3D6842FE8B}.Release|Any CPU.ActiveCfg = Release|Any CPU
		{0F8834DD-E038-4EE8-87E3-FA3D6842FE8B}.Release|Any CPU.Build.0 = Release|Any CPU
		{BDD4CCE8-E55B-4BC6-98B6-7693A668B797}.Debug|Any CPU.ActiveCfg = Debug|Any CPU
		{BDD4CCE8-E55B-4BC6-98B6-7693A668B797}.Debug|Any CPU.Build.0 = Debug|Any CPU
		{BDD4CCE8-E55B-4BC6-98B6-7693A668B797}.Release|Any CPU.ActiveCfg = Release|Any CPU
		{BDD4CCE8-E55B-4BC6-98B6-7693A668B797}.Release|Any CPU.Build.0 = Release|Any CPU
		{877DAEE6-B12C-43C6-8779-318D6A053F41}.Debug|Any CPU.ActiveCfg = Debug|Any CPU
		{877DAEE6-B12C-43C6-8779-318D6A053F41}.Debug|Any CPU.Build.0 = Debug|Any CPU
		{877DAEE6-B12C-43C6-8779-318D6A053F41}.Release|Any CPU.ActiveCfg = Release|Any CPU
		{877DAEE6-B12C-43C6-8779-318D6A053F41}.Release|Any CPU.Build.0 = Release|Any CPU
		{BC27FB02-1E8A-47C4-BDCE-5D54F86F37E1}.Debug|Any CPU.ActiveCfg = Debug|Any CPU
		{BC27FB02-1E8A-47C4-BDCE-5D54F86F37E1}.Debug|Any CPU.Build.0 = Debug|Any CPU
		{BC27FB02-1E8A-47C4-BDCE-5D54F86F37E1}.Release|Any CPU.ActiveCfg = Release|Any CPU
		{BC27FB02-1E8A-47C4-BDCE-5D54F86F37E1}.Release|Any CPU.Build.0 = Release|Any CPU
		{EB0090C1-B6BA-4E41-91BF-C7B2F24B916A}.Debug|Any CPU.ActiveCfg = Debug|Any CPU
		{EB0090C1-B6BA-4E41-91BF-C7B2F24B916A}.Debug|Any CPU.Build.0 = Debug|Any CPU
		{EB0090C1-B6BA-4E41-91BF-C7B2F24B916A}.Release|Any CPU.ActiveCfg = Release|Any CPU
		{EB0090C1-B6BA-4E41-91BF-C7B2F24B916A}.Release|Any CPU.Build.0 = Release|Any CPU
		{19339031-ECCC-421F-B257-B8F716838207}.Debug|Any CPU.ActiveCfg = Debug|Any CPU
		{19339031-ECCC-421F-B257-B8F716838207}.Debug|Any CPU.Build.0 = Debug|Any CPU
		{19339031-ECCC-421F-B257-B8F716838207}.Release|Any CPU.ActiveCfg = Release|Any CPU
		{19339031-ECCC-421F-B257-B8F716838207}.Release|Any CPU.Build.0 = Release|Any CPU
		{FD3045B5-C69B-4CFD-A1C3-CB8A6BC99E49}.Debug|Any CPU.ActiveCfg = Debug|Any CPU
		{FD3045B5-C69B-4CFD-A1C3-CB8A6BC99E49}.Debug|Any CPU.Build.0 = Debug|Any CPU
		{FD3045B5-C69B-4CFD-A1C3-CB8A6BC99E49}.Release|Any CPU.ActiveCfg = Release|Any CPU
		{FD3045B5-C69B-4CFD-A1C3-CB8A6BC99E49}.Release|Any CPU.Build.0 = Release|Any CPU
		{1741C573-CEBA-49E0-BB5B-350A1DD98F75}.Debug|Any CPU.ActiveCfg = Debug|Any CPU
		{1741C573-CEBA-49E0-BB5B-350A1DD98F75}.Debug|Any CPU.Build.0 = Debug|Any CPU
		{1741C573-CEBA-49E0-BB5B-350A1DD98F75}.Release|Any CPU.ActiveCfg = Release|Any CPU
		{1741C573-CEBA-49E0-BB5B-350A1DD98F75}.Release|Any CPU.Build.0 = Release|Any CPU
		{DB6E554D-6E3C-493D-99BE-20E4583C3545}.Debug|Any CPU.ActiveCfg = Debug|Any CPU
		{DB6E554D-6E3C-493D-99BE-20E4583C3545}.Debug|Any CPU.Build.0 = Debug|Any CPU
		{DB6E554D-6E3C-493D-99BE-20E4583C3545}.Release|Any CPU.ActiveCfg = Release|Any CPU
		{DB6E554D-6E3C-493D-99BE-20E4583C3545}.Release|Any CPU.Build.0 = Release|Any CPU
		{4A56BE0A-5765-40D4-8A65-B2B93D361829}.Debug|Any CPU.ActiveCfg = Debug|Any CPU
		{4A56BE0A-5765-40D4-8A65-B2B93D361829}.Debug|Any CPU.Build.0 = Debug|Any CPU
		{4A56BE0A-5765-40D4-8A65-B2B93D361829}.Release|Any CPU.ActiveCfg = Release|Any CPU
		{4A56BE0A-5765-40D4-8A65-B2B93D361829}.Release|Any CPU.Build.0 = Release|Any CPU
		{EDED2868-6917-4B02-AD75-109C469503BE}.Debug|Any CPU.ActiveCfg = Debug|Any CPU
		{EDED2868-6917-4B02-AD75-109C469503BE}.Debug|Any CPU.Build.0 = Debug|Any CPU
		{EDED2868-6917-4B02-AD75-109C469503BE}.Release|Any CPU.ActiveCfg = Release|Any CPU
		{EDED2868-6917-4B02-AD75-109C469503BE}.Release|Any CPU.Build.0 = Release|Any CPU
		{D9CED970-AA90-4E67-AF5A-035BE703024B}.Debug|Any CPU.ActiveCfg = Debug|Any CPU
		{D9CED970-AA90-4E67-AF5A-035BE703024B}.Debug|Any CPU.Build.0 = Debug|Any CPU
		{D9CED970-AA90-4E67-AF5A-035BE703024B}.Release|Any CPU.ActiveCfg = Release|Any CPU
		{D9CED970-AA90-4E67-AF5A-035BE703024B}.Release|Any CPU.Build.0 = Release|Any CPU
		{381B789C-497F-47B4-9ACD-8B7E6AD20EB8}.Debug|Any CPU.ActiveCfg = Debug|Any CPU
		{381B789C-497F-47B4-9ACD-8B7E6AD20EB8}.Debug|Any CPU.Build.0 = Debug|Any CPU
		{381B789C-497F-47B4-9ACD-8B7E6AD20EB8}.Release|Any CPU.ActiveCfg = Release|Any CPU
		{381B789C-497F-47B4-9ACD-8B7E6AD20EB8}.Release|Any CPU.Build.0 = Release|Any CPU
		{B41BBBA9-78B1-4157-A3B8-4A1911BEE576}.Debug|Any CPU.ActiveCfg = Debug|Any CPU
		{B41BBBA9-78B1-4157-A3B8-4A1911BEE576}.Debug|Any CPU.Build.0 = Debug|Any CPU
		{B41BBBA9-78B1-4157-A3B8-4A1911BEE576}.Release|Any CPU.ActiveCfg = Release|Any CPU
		{B41BBBA9-78B1-4157-A3B8-4A1911BEE576}.Release|Any CPU.Build.0 = Release|Any CPU
		{D55A316B-C51F-46C7-8D32-D64DAF929FE2}.Debug|Any CPU.ActiveCfg = Debug|Any CPU
		{D55A316B-C51F-46C7-8D32-D64DAF929FE2}.Debug|Any CPU.Build.0 = Debug|Any CPU
		{D55A316B-C51F-46C7-8D32-D64DAF929FE2}.Release|Any CPU.ActiveCfg = Release|Any CPU
		{D55A316B-C51F-46C7-8D32-D64DAF929FE2}.Release|Any CPU.Build.0 = Release|Any CPU
		{3487A558-3FD5-41E5-86C1-0BE166247867}.Debug|Any CPU.ActiveCfg = Debug|Any CPU
		{3487A558-3FD5-41E5-86C1-0BE166247867}.Debug|Any CPU.Build.0 = Debug|Any CPU
		{3487A558-3FD5-41E5-86C1-0BE166247867}.Release|Any CPU.ActiveCfg = Release|Any CPU
		{3487A558-3FD5-41E5-86C1-0BE166247867}.Release|Any CPU.Build.0 = Release|Any CPU
		{3A0CDCE8-A243-49B3-9812-ACD3AE6A79A2}.Debug|Any CPU.ActiveCfg = Debug|Any CPU
		{3A0CDCE8-A243-49B3-9812-ACD3AE6A79A2}.Debug|Any CPU.Build.0 = Debug|Any CPU
		{3A0CDCE8-A243-49B3-9812-ACD3AE6A79A2}.Release|Any CPU.ActiveCfg = Release|Any CPU
		{3A0CDCE8-A243-49B3-9812-ACD3AE6A79A2}.Release|Any CPU.Build.0 = Release|Any CPU
		{C1F6C173-B035-4E42-98A1-901B5D30023F}.Debug|Any CPU.ActiveCfg = Debug|Any CPU
		{C1F6C173-B035-4E42-98A1-901B5D30023F}.Debug|Any CPU.Build.0 = Debug|Any CPU
		{C1F6C173-B035-4E42-98A1-901B5D30023F}.Release|Any CPU.ActiveCfg = Release|Any CPU
		{C1F6C173-B035-4E42-98A1-901B5D30023F}.Release|Any CPU.Build.0 = Release|Any CPU
	EndGlobalSection
	GlobalSection(SolutionProperties) = preSolution
		HideSolutionNode = FALSE
	EndGlobalSection
	GlobalSection(NestedProjects) = preSolution
		{464094AE-B92D-49D6-AAC3-74234DBB1C67} = {D58F1AA0-C3DE-4997-BDC2-193EEE3F7CE1}
		{3671DB8F-42AE-40A2-B807-CBEF20181673} = {D58F1AA0-C3DE-4997-BDC2-193EEE3F7CE1}
		{81CE915D-7238-4507-8BDC-CBF6E1EFDB43} = {3671DB8F-42AE-40A2-B807-CBEF20181673}
		{9A9D3CC5-4931-48FF-929F-9883FD71A48E} = {3671DB8F-42AE-40A2-B807-CBEF20181673}
		{8F911854-DD28-45C4-A2CE-DFF2ABCD83C9} = {3671DB8F-42AE-40A2-B807-CBEF20181673}
		{CFACE0A3-1159-49F5-B5E7-881C81FF6B6C} = {3671DB8F-42AE-40A2-B807-CBEF20181673}
		{D3307DBA-40E6-48D5-8BA8-C63547425626} = {3671DB8F-42AE-40A2-B807-CBEF20181673}
		{F28F7A52-DA62-41E7-95C8-105232AB2A72} = {C4A0A698-0E2E-4F06-B826-C7EF3F90CC48}
		{46C17AA3-98E5-4209-A081-4E4121268FAA} = {3671DB8F-42AE-40A2-B807-CBEF20181673}
		{CF5E38DA-3246-4813-A4A2-50B73B578AED} = {3671DB8F-42AE-40A2-B807-CBEF20181673}
		{2A8EC39D-8714-462D-A602-43E2A8AC7E6A} = {3671DB8F-42AE-40A2-B807-CBEF20181673}
		{3168B7ED-C672-484A-8F42-C986BE3E7FC1} = {3671DB8F-42AE-40A2-B807-CBEF20181673}
		{8E5E8E3D-D8B4-4109-BFB1-3B53FEEE9F5D} = {464094AE-B92D-49D6-AAC3-74234DBB1C67}
		{3E908284-E8B3-48BF-80FB-E92D4FDFE64A} = {464094AE-B92D-49D6-AAC3-74234DBB1C67}
		{ACA3FFDB-ED46-4D62-AAAD-746F8177467A} = {D58F1AA0-C3DE-4997-BDC2-193EEE3F7CE1}
		{BB27C5A4-9B4F-4156-A12F-379CF21961BF} = {464094AE-B92D-49D6-AAC3-74234DBB1C67}
		{38FC67D1-F7F8-4BE1-9D80-B9D930C6CE60} = {464094AE-B92D-49D6-AAC3-74234DBB1C67}
		{BD5C6910-4689-44D8-A4EE-D8A96F581735} = {464094AE-B92D-49D6-AAC3-74234DBB1C67}
		{F6906E25-31F1-4DBE-BC98-2A5BFD3724D9} = {C4A0A698-0E2E-4F06-B826-C7EF3F90CC48}
		{96C9B8EA-D277-4408-9321-DACC37F3FFD2} = {3671DB8F-42AE-40A2-B807-CBEF20181673}
		{90995601-646C-4AAB-91A8-632D6ED61B70} = {3671DB8F-42AE-40A2-B807-CBEF20181673}
		{AEB4099B-FB9C-4925-9AF4-4EFCD4DA8BF4} = {3671DB8F-42AE-40A2-B807-CBEF20181673}
		{6E71DADF-6579-4A5E-BF43-5DBE64E70257} = {D58F1AA0-C3DE-4997-BDC2-193EEE3F7CE1}
		{1E880C01-EE3D-4103-9794-2AC45A19FFED} = {5AA8E341-D53A-4287-B3E2-1A3522977D11}
		{9D06918F-C803-4996-8EC3-489AD43F9130} = {1E880C01-EE3D-4103-9794-2AC45A19FFED}
		{0C729B02-D05C-4A71-B03C-D4CA57CC7463} = {464094AE-B92D-49D6-AAC3-74234DBB1C67}
		{A9586EDF-9DF7-4415-9F0D-49555E5205AF} = {464094AE-B92D-49D6-AAC3-74234DBB1C67}
		{269CBA6C-DB31-4232-BE1C-7157F08FD52C} = {52CA61F1-D665-47BB-9F5C-B0EBD8252CBE}
		{C3F3BEC9-5B44-4BCA-8C96-83CF64B704D1} = {269CBA6C-DB31-4232-BE1C-7157F08FD52C}
		{E650EC71-A885-42A4-8248-57FDDAFC7CDA} = {269CBA6C-DB31-4232-BE1C-7157F08FD52C}
		{827CA0ED-6309-4F80-B9C6-BCECFB4BF17F} = {269CBA6C-DB31-4232-BE1C-7157F08FD52C}
		{A09708A1-0964-4507-BD38-6603244EBFD0} = {8BCE9E96-48FA-4FA3-A478-D5B0EDEE54FC}
		{B1048797-5EDB-4D51-959D-10DE57530977} = {8BCE9E96-48FA-4FA3-A478-D5B0EDEE54FC}
		{7F3EAAB2-5FBB-4581-A75F-126A0CF054CC} = {8BCE9E96-48FA-4FA3-A478-D5B0EDEE54FC}
		{E5C86427-23AD-4C71-A300-33E94B6DAEC7} = {8BCE9E96-48FA-4FA3-A478-D5B0EDEE54FC}
		{0F8834DD-E038-4EE8-87E3-FA3D6842FE8B} = {8BCE9E96-48FA-4FA3-A478-D5B0EDEE54FC}
		{BDD4CCE8-E55B-4BC6-98B6-7693A668B797} = {8BCE9E96-48FA-4FA3-A478-D5B0EDEE54FC}
		{877DAEE6-B12C-43C6-8779-318D6A053F41} = {8BCE9E96-48FA-4FA3-A478-D5B0EDEE54FC}
		{BC27FB02-1E8A-47C4-BDCE-5D54F86F37E1} = {8BCE9E96-48FA-4FA3-A478-D5B0EDEE54FC}
		{EB0090C1-B6BA-4E41-91BF-C7B2F24B916A} = {8BCE9E96-48FA-4FA3-A478-D5B0EDEE54FC}
		{19339031-ECCC-421F-B257-B8F716838207} = {8BCE9E96-48FA-4FA3-A478-D5B0EDEE54FC}
		{FD3045B5-C69B-4CFD-A1C3-CB8A6BC99E49} = {8BCE9E96-48FA-4FA3-A478-D5B0EDEE54FC}
		{1741C573-CEBA-49E0-BB5B-350A1DD98F75} = {8BCE9E96-48FA-4FA3-A478-D5B0EDEE54FC}
		{DB6E554D-6E3C-493D-99BE-20E4583C3545} = {8BCE9E96-48FA-4FA3-A478-D5B0EDEE54FC}
		{4A56BE0A-5765-40D4-8A65-B2B93D361829} = {8BCE9E96-48FA-4FA3-A478-D5B0EDEE54FC}
		{EDED2868-6917-4B02-AD75-109C469503BE} = {8BCE9E96-48FA-4FA3-A478-D5B0EDEE54FC}
		{D9CED970-AA90-4E67-AF5A-035BE703024B} = {8BCE9E96-48FA-4FA3-A478-D5B0EDEE54FC}
		{381B789C-497F-47B4-9ACD-8B7E6AD20EB8} = {8BCE9E96-48FA-4FA3-A478-D5B0EDEE54FC}
		{B41BBBA9-78B1-4157-A3B8-4A1911BEE576} = {8BCE9E96-48FA-4FA3-A478-D5B0EDEE54FC}
		{D55A316B-C51F-46C7-8D32-D64DAF929FE2} = {8BCE9E96-48FA-4FA3-A478-D5B0EDEE54FC}
		{3487A558-3FD5-41E5-86C1-0BE166247867} = {8BCE9E96-48FA-4FA3-A478-D5B0EDEE54FC}
		{3A0CDCE8-A243-49B3-9812-ACD3AE6A79A2} = {8BCE9E96-48FA-4FA3-A478-D5B0EDEE54FC}
		{C1F6C173-B035-4E42-98A1-901B5D30023F} = {8BCE9E96-48FA-4FA3-A478-D5B0EDEE54FC}
	EndGlobalSection
	GlobalSection(ExtensibilityGlobals) = postSolution
		SolutionGuid = {C14A15AD-9EF7-4FBB-B33E-AC1A9A1FB7EC}
	EndGlobalSection
EndGlobal
